
Microsoft Visual Studio Solution File, Format Version 12.00
# Visual Studio 14
VisualStudioVersion = 14.0.23107.0
MinimumVisualStudioVersion = 10.0.40219.1
Project("{2150E333-8FDC-42A3-9474-1A3956D46DE8}") = "document", "document", "{C4DE52E4-3170-445C-B64D-1A76685F0EF4}"
EndProject
Project("{2150E333-8FDC-42A3-9474-1A3956D46DE8}") = "UnitTest", "UnitTest", "{ABBB40F7-087F-426D-84D7-C7F3A0ED181A}"
EndProject
Project("{FAE04EC0-301F-11D3-BF4B-00C04F79EFBC}") = "CoralSea.UnitTest", "CoralSea.UnitTest\CoralSea.UnitTest.csproj", "{2435C024-8D5A-44CB-B1F9-27C0202A72F8}"
EndProject
Project("{FAE04EC0-301F-11D3-BF4B-00C04F79EFBC}") = "CoralSea.Web", "CoralSea.Web\CoralSea.Web.csproj", "{67699A8D-8261-4A6B-A01F-E182D1B7C4DA}"
EndProject
Project("{2150E333-8FDC-42A3-9474-1A3956D46DE8}") = "Business", "Business", "{2983AD57-583E-44BC-8EEF-3A0791C9A60A}"
EndProject
Project("{2150E333-8FDC-42A3-9474-1A3956D46DE8}") = "DataAccess", "DataAccess", "{5D7D2848-057B-49B2-A5D4-B7B752DB37A3}"
EndProject
Project("{8BB2217D-0F2D-49D1-97BC-3654ED321F3B}") = "CoralSea.IBusiness", "CoralSea.IBusiness\CoralSea.IBusiness.xproj", "{F39C501E-BB92-43DD-9494-B561E62ADC85}"
EndProject
Project("{8BB2217D-0F2D-49D1-97BC-3654ED321F3B}") = "CoralSea.Business", "CoralSea.Business\CoralSea.Business.xproj", "{FAE15554-D858-46A3-A6A7-44F6A94C9D18}"
EndProject
Project("{8BB2217D-0F2D-49D1-97BC-3654ED321F3B}") = "CoralSea.IDataAccess", "CoralSea.IDataAccess\CoralSea.IDataAccess.xproj", "{773D4FFD-BDCD-4E3D-A1D2-B4AF4E5B1F6D}"
EndProject
Project("{8BB2217D-0F2D-49D1-97BC-3654ED321F3B}") = "CoralSea.DataAccess", "CoralSea.DataAccess\CoralSea.DataAccess.xproj", "{28460231-A907-4063-B032-23AE2A335DD3}"
EndProject
Project("{8BB2217D-0F2D-49D1-97BC-3654ED321F3B}") = "CoralSea.Common", "CoralSea.Common\CoralSea.Common.xproj", "{831C279C-874B-4786-8E7E-13B598486D5A}"
EndProject
Global
	GlobalSection(SolutionConfigurationPlatforms) = preSolution
		Debug|Any CPU = Debug|Any CPU
		Release|Any CPU = Release|Any CPU
	EndGlobalSection
	GlobalSection(ProjectConfigurationPlatforms) = postSolution
		{2435C024-8D5A-44CB-B1F9-27C0202A72F8}.Debug|Any CPU.ActiveCfg = Debug|Any CPU
		{2435C024-8D5A-44CB-B1F9-27C0202A72F8}.Debug|Any CPU.Build.0 = Debug|Any CPU
		{2435C024-8D5A-44CB-B1F9-27C0202A72F8}.Release|Any CPU.ActiveCfg = Release|Any CPU
		{2435C024-8D5A-44CB-B1F9-27C0202A72F8}.Release|Any CPU.Build.0 = Release|Any CPU
		{67699A8D-8261-4A6B-A01F-E182D1B7C4DA}.Debug|Any CPU.ActiveCfg = Debug|Any CPU
		{67699A8D-8261-4A6B-A01F-E182D1B7C4DA}.Debug|Any CPU.Build.0 = Debug|Any CPU
		{67699A8D-8261-4A6B-A01F-E182D1B7C4DA}.Release|Any CPU.ActiveCfg = Release|Any CPU
		{67699A8D-8261-4A6B-A01F-E182D1B7C4DA}.Release|Any CPU.Build.0 = Release|Any CPU
		{F39C501E-BB92-43DD-9494-B561E62ADC85}.Debug|Any CPU.ActiveCfg = Debug|Any CPU
		{F39C501E-BB92-43DD-9494-B561E62ADC85}.Debug|Any CPU.Build.0 = Debug|Any CPU
		{F39C501E-BB92-43DD-9494-B561E62ADC85}.Release|Any CPU.ActiveCfg = Release|Any CPU
		{F39C501E-BB92-43DD-9494-B561E62ADC85}.Release|Any CPU.Build.0 = Release|Any CPU
		{FAE15554-D858-46A3-A6A7-44F6A94C9D18}.Debug|Any CPU.ActiveCfg = Debug|Any CPU
		{FAE15554-D858-46A3-A6A7-44F6A94C9D18}.Debug|Any CPU.Build.0 = Debug|Any CPU
		{FAE15554-D858-46A3-A6A7-44F6A94C9D18}.Release|Any CPU.ActiveCfg = Release|Any CPU
		{FAE15554-D858-46A3-A6A7-44F6A94C9D18}.Release|Any CPU.Build.0 = Release|Any CPU
		{773D4FFD-BDCD-4E3D-A1D2-B4AF4E5B1F6D}.Debug|Any CPU.ActiveCfg = Debug|Any CPU
		{773D4FFD-BDCD-4E3D-A1D2-B4AF4E5B1F6D}.Debug|Any CPU.Build.0 = Debug|Any CPU
		{773D4FFD-BDCD-4E3D-A1D2-B4AF4E5B1F6D}.Release|Any CPU.ActiveCfg = Release|Any CPU
		{773D4FFD-BDCD-4E3D-A1D2-B4AF4E5B1F6D}.Release|Any CPU.Build.0 = Release|Any CPU
		{28460231-A907-4063-B032-23AE2A335DD3}.Debug|Any CPU.ActiveCfg = Debug|Any CPU
		{28460231-A907-4063-B032-23AE2A335DD3}.Debug|Any CPU.Build.0 = Debug|Any CPU
		{28460231-A907-4063-B032-23AE2A335DD3}.Release|Any CPU.ActiveCfg = Release|Any CPU
		{28460231-A907-4063-B032-23AE2A335DD3}.Release|Any CPU.Build.0 = Release|Any CPU
		{831C279C-874B-4786-8E7E-13B598486D5A}.Debug|Any CPU.ActiveCfg = Debug|Any CPU
		{831C279C-874B-4786-8E7E-13B598486D5A}.Debug|Any CPU.Build.0 = Debug|Any CPU
		{831C279C-874B-4786-8E7E-13B598486D5A}.Release|Any CPU.ActiveCfg = Release|Any CPU
		{831C279C-874B-4786-8E7E-13B598486D5A}.Release|Any CPU.Build.0 = Release|Any CPU
	EndGlobalSection
	GlobalSection(SolutionProperties) = preSolution
		HideSolutionNode = FALSE
	EndGlobalSection
	GlobalSection(NestedProjects) = preSolution
		{2435C024-8D5A-44CB-B1F9-27C0202A72F8} = {ABBB40F7-087F-426D-84D7-C7F3A0ED181A}
		{F39C501E-BB92-43DD-9494-B561E62ADC85} = {2983AD57-583E-44BC-8EEF-3A0791C9A60A}
		{FAE15554-D858-46A3-A6A7-44F6A94C9D18} = {2983AD57-583E-44BC-8EEF-3A0791C9A60A}
		{773D4FFD-BDCD-4E3D-A1D2-B4AF4E5B1F6D} = {5D7D2848-057B-49B2-A5D4-B7B752DB37A3}
		{28460231-A907-4063-B032-23AE2A335DD3} = {5D7D2848-057B-49B2-A5D4-B7B752DB37A3}
	EndGlobalSection
EndGlobal
