
Microsoft Visual Studio Solution File, Format Version 12.00
# Visual Studio 14
VisualStudioVersion = 14.0.23107.0
MinimumVisualStudioVersion = 10.0.40219.1
Project("{2150E333-8FDC-42A3-9474-1A3956D46DE8}") = "document", "document", "{C4DE52E4-3170-445C-B64D-1A76685F0EF4}"
EndProject
Project("{2150E333-8FDC-42A3-9474-1A3956D46DE8}") = "UnitTest", "UnitTest", "{ABBB40F7-087F-426D-84D7-C7F3A0ED181A}"
EndProject
Project("{FAE04EC0-301F-11D3-BF4B-00C04F79EFBC}") = "CoralSea.UnitTest", "CoralSea.UnitTest\CoralSea.UnitTest.csproj", "{2435C024-8D5A-44CB-B1F9-27C0202A72F8}"
EndProject
Project("{FAE04EC0-301F-11D3-BF4B-00C04F79EFBC}") = "CoralSea.Web", "CoralSea.Web\CoralSea.Web.csproj", "{67699A8D-8261-4A6B-A01F-E182D1B7C4DA}"
EndProject
Project("{2150E333-8FDC-42A3-9474-1A3956D46DE8}") = "Business", "Business", "{2983AD57-583E-44BC-8EEF-3A0791C9A60A}"
EndProject
Project("{2150E333-8FDC-42A3-9474-1A3956D46DE8}") = "DataAccess", "DataAccess", "{5D7D2848-057B-49B2-A5D4-B7B752DB37A3}"
EndProject
Project("{FAE04EC0-301F-11D3-BF4B-00C04F79EFBC}") = "CoralSea.IBusiness", "CoralSea.IBusiness\CoralSea.IBusiness.csproj", "{D694E937-27D9-4F0C-9C7C-CBC72AE9B8B5}"
EndProject
Project("{FAE04EC0-301F-11D3-BF4B-00C04F79EFBC}") = "CoralSea.Business", "CoralSea.Business\CoralSea.Business.csproj", "{B2B287D6-01C8-457C-80E1-65A22DD514AC}"
EndProject
Project("{FAE04EC0-301F-11D3-BF4B-00C04F79EFBC}") = "CoralSea.Model", "CoralSea.Model\CoralSea.Model.csproj", "{7C10B42F-D863-4817-85F4-51BFE1723AD5}"
EndProject
Project("{FAE04EC0-301F-11D3-BF4B-00C04F79EFBC}") = "CoralSea.Common", "CoralSea.Common\CoralSea.Common.csproj", "{857BA93F-4F47-41FA-AEE9-200EF4023274}"
EndProject
Project("{FAE04EC0-301F-11D3-BF4B-00C04F79EFBC}") = "CoralSea.IDataAccess", "CoralSea.IDataAccess\CoralSea.IDataAccess.csproj", "{514B801B-9756-4C1D-BF17-8075AFD92BDD}"
EndProject
Project("{FAE04EC0-301F-11D3-BF4B-00C04F79EFBC}") = "CoralSea.DataAccess", "CoralSea.DataAccess\CoralSea.DataAccess.csproj", "{813961E1-B19E-4BCB-86A9-26B5E0A7B1A8}"
EndProject
Project("{FAE04EC0-301F-11D3-BF4B-00C04F79EFBC}") = "CoralSea.Injector", "CoralSea.Injector\CoralSea.Injector.csproj", "{32972C37-9595-4BE1-AB32-0A2C0DD70AED}"
EndProject
Project("{FAE04EC0-301F-11D3-BF4B-00C04F79EFBC}") = "CoralSea.FakeData", "CoralSea.FakeData\CoralSea.FakeData.csproj", "{855103FA-4788-413A-8232-B1700ABEEF17}"
EndProject
Global
	GlobalSection(SolutionConfigurationPlatforms) = preSolution
		Debug|Any CPU = Debug|Any CPU
		Release|Any CPU = Release|Any CPU
	EndGlobalSection
	GlobalSection(ProjectConfigurationPlatforms) = postSolution
		{2435C024-8D5A-44CB-B1F9-27C0202A72F8}.Debug|Any CPU.ActiveCfg = Debug|Any CPU
		{2435C024-8D5A-44CB-B1F9-27C0202A72F8}.Debug|Any CPU.Build.0 = Debug|Any CPU
		{2435C024-8D5A-44CB-B1F9-27C0202A72F8}.Release|Any CPU.ActiveCfg = Release|Any CPU
		{2435C024-8D5A-44CB-B1F9-27C0202A72F8}.Release|Any CPU.Build.0 = Release|Any CPU
		{67699A8D-8261-4A6B-A01F-E182D1B7C4DA}.Debug|Any CPU.ActiveCfg = Debug|Any CPU
		{67699A8D-8261-4A6B-A01F-E182D1B7C4DA}.Debug|Any CPU.Build.0 = Debug|Any CPU
		{67699A8D-8261-4A6B-A01F-E182D1B7C4DA}.Release|Any CPU.ActiveCfg = Release|Any CPU
		{67699A8D-8261-4A6B-A01F-E182D1B7C4DA}.Release|Any CPU.Build.0 = Release|Any CPU
		{D694E937-27D9-4F0C-9C7C-CBC72AE9B8B5}.Debug|Any CPU.ActiveCfg = Debug|Any CPU
		{D694E937-27D9-4F0C-9C7C-CBC72AE9B8B5}.Debug|Any CPU.Build.0 = Debug|Any CPU
		{D694E937-27D9-4F0C-9C7C-CBC72AE9B8B5}.Release|Any CPU.ActiveCfg = Release|Any CPU
		{D694E937-27D9-4F0C-9C7C-CBC72AE9B8B5}.Release|Any CPU.Build.0 = Release|Any CPU
		{B2B287D6-01C8-457C-80E1-65A22DD514AC}.Debug|Any CPU.ActiveCfg = Debug|Any CPU
		{B2B287D6-01C8-457C-80E1-65A22DD514AC}.Debug|Any CPU.Build.0 = Debug|Any CPU
		{B2B287D6-01C8-457C-80E1-65A22DD514AC}.Release|Any CPU.ActiveCfg = Release|Any CPU
		{B2B287D6-01C8-457C-80E1-65A22DD514AC}.Release|Any CPU.Build.0 = Release|Any CPU
		{7C10B42F-D863-4817-85F4-51BFE1723AD5}.Debug|Any CPU.ActiveCfg = Debug|Any CPU
		{7C10B42F-D863-4817-85F4-51BFE1723AD5}.Debug|Any CPU.Build.0 = Debug|Any CPU
		{7C10B42F-D863-4817-85F4-51BFE1723AD5}.Release|Any CPU.ActiveCfg = Release|Any CPU
		{7C10B42F-D863-4817-85F4-51BFE1723AD5}.Release|Any CPU.Build.0 = Release|Any CPU
		{857BA93F-4F47-41FA-AEE9-200EF4023274}.Debug|Any CPU.ActiveCfg = Debug|Any CPU
		{857BA93F-4F47-41FA-AEE9-200EF4023274}.Debug|Any CPU.Build.0 = Debug|Any CPU
		{857BA93F-4F47-41FA-AEE9-200EF4023274}.Release|Any CPU.ActiveCfg = Release|Any CPU
		{857BA93F-4F47-41FA-AEE9-200EF4023274}.Release|Any CPU.Build.0 = Release|Any CPU
		{514B801B-9756-4C1D-BF17-8075AFD92BDD}.Debug|Any CPU.ActiveCfg = Debug|Any CPU
		{514B801B-9756-4C1D-BF17-8075AFD92BDD}.Debug|Any CPU.Build.0 = Debug|Any CPU
		{514B801B-9756-4C1D-BF17-8075AFD92BDD}.Release|Any CPU.ActiveCfg = Release|Any CPU
		{514B801B-9756-4C1D-BF17-8075AFD92BDD}.Release|Any CPU.Build.0 = Release|Any CPU
		{813961E1-B19E-4BCB-86A9-26B5E0A7B1A8}.Debug|Any CPU.ActiveCfg = Debug|Any CPU
		{813961E1-B19E-4BCB-86A9-26B5E0A7B1A8}.Debug|Any CPU.Build.0 = Debug|Any CPU
		{813961E1-B19E-4BCB-86A9-26B5E0A7B1A8}.Release|Any CPU.ActiveCfg = Release|Any CPU
		{813961E1-B19E-4BCB-86A9-26B5E0A7B1A8}.Release|Any CPU.Build.0 = Release|Any CPU
		{32972C37-9595-4BE1-AB32-0A2C0DD70AED}.Debug|Any CPU.ActiveCfg = Debug|Any CPU
		{32972C37-9595-4BE1-AB32-0A2C0DD70AED}.Debug|Any CPU.Build.0 = Debug|Any CPU
		{32972C37-9595-4BE1-AB32-0A2C0DD70AED}.Release|Any CPU.ActiveCfg = Release|Any CPU
		{32972C37-9595-4BE1-AB32-0A2C0DD70AED}.Release|Any CPU.Build.0 = Release|Any CPU
		{855103FA-4788-413A-8232-B1700ABEEF17}.Debug|Any CPU.ActiveCfg = Debug|Any CPU
		{855103FA-4788-413A-8232-B1700ABEEF17}.Debug|Any CPU.Build.0 = Debug|Any CPU
		{855103FA-4788-413A-8232-B1700ABEEF17}.Release|Any CPU.ActiveCfg = Release|Any CPU
		{855103FA-4788-413A-8232-B1700ABEEF17}.Release|Any CPU.Build.0 = Release|Any CPU
	EndGlobalSection
	GlobalSection(SolutionProperties) = preSolution
		HideSolutionNode = FALSE
	EndGlobalSection
	GlobalSection(NestedProjects) = preSolution
		{2435C024-8D5A-44CB-B1F9-27C0202A72F8} = {ABBB40F7-087F-426D-84D7-C7F3A0ED181A}
		{D694E937-27D9-4F0C-9C7C-CBC72AE9B8B5} = {2983AD57-583E-44BC-8EEF-3A0791C9A60A}
		{B2B287D6-01C8-457C-80E1-65A22DD514AC} = {2983AD57-583E-44BC-8EEF-3A0791C9A60A}
		{514B801B-9756-4C1D-BF17-8075AFD92BDD} = {5D7D2848-057B-49B2-A5D4-B7B752DB37A3}
		{813961E1-B19E-4BCB-86A9-26B5E0A7B1A8} = {5D7D2848-057B-49B2-A5D4-B7B752DB37A3}
	EndGlobalSection
EndGlobal
